{
  "version": "4",
  "specifiers": {
    "jsr:@ooker777/lume-mermaid-plugin@*": "0.1.1"
  },
  "jsr": {
    "@ooker777/lume-mermaid-plugin@0.1.1": {
      "integrity": "d130035a23a65c87ec8ed60a2bbcc581acb05fe8d91b0176b951ab9550f248a7"
    }
  },
  "workspace": {
    "dependencies": [
      "jsr:@ooker777/lume-mermaid-plugin@*"
    ]
  }
}
